
Microsoft Visual Studio Solution File, Format Version 12.00
# Visual Studio 15
VisualStudioVersion = 15.0.28307.757
MinimumVisualStudioVersion = 10.0.40219.1
Project("{FAE04EC0-301F-11D3-BF4B-00C04F79EFBC}") = "CyberLlamaConsumerSite", "CyberLlamaConsumerSite\CyberLlamaConsumerSite.csproj", "{A7838772-BC11-45B3-83D0-36A3FC533E5D}"
EndProject
Global
	GlobalSection(SolutionConfigurationPlatforms) = preSolution
		Debug|Any CPU = Debug|Any CPU
		Release|Any CPU = Release|Any CPU
	EndGlobalSection
	GlobalSection(ProjectConfigurationPlatforms) = postSolution
		{A7838772-BC11-45B3-83D0-36A3FC533E5D}.Debug|Any CPU.ActiveCfg = Debug|Any CPU
		{A7838772-BC11-45B3-83D0-36A3FC533E5D}.Debug|Any CPU.Build.0 = Debug|Any CPU
		{A7838772-BC11-45B3-83D0-36A3FC533E5D}.Release|Any CPU.ActiveCfg = Release|Any CPU
		{A7838772-BC11-45B3-83D0-36A3FC533E5D}.Release|Any CPU.Build.0 = Release|Any CPU
	EndGlobalSection
	GlobalSection(SolutionProperties) = preSolution
		HideSolutionNode = FALSE
	EndGlobalSection
	GlobalSection(ExtensibilityGlobals) = postSolution
		SolutionGuid = {693045C7-28A1-4569-907C-5E78E40365D3}
	EndGlobalSection
EndGlobal
